
Microsoft Visual Studio Solution File, Format Version 12.00
# Visual Studio 15
VisualStudioVersion = 15.0.27703.2035
MinimumVisualStudioVersion = 10.0.40219.1
Project("{FAE04EC0-301F-11D3-BF4B-00C04F79EFBC}") = "Zenvia API", "Zenvia.Api\Zenvia API.csproj", "{24753F72-00EA-40BD-8F1C-430DC118F9A7}"
EndProject
Project("{FAE04EC0-301F-11D3-BF4B-00C04F79EFBC}") = "SampleApp", "SampleApp\SampleApp.csproj", "{74283302-30C3-4608-AF78-ECE2447C6C0B}"
EndProject
Global
	GlobalSection(SolutionConfigurationPlatforms) = preSolution
		Debug|Any CPU = Debug|Any CPU
		Release|Any CPU = Release|Any CPU
	EndGlobalSection
	GlobalSection(ProjectConfigurationPlatforms) = postSolution
		{24753F72-00EA-40BD-8F1C-430DC118F9A7}.Debug|Any CPU.ActiveCfg = Debug|Any CPU
		{24753F72-00EA-40BD-8F1C-430DC118F9A7}.Debug|Any CPU.Build.0 = Debug|Any CPU
		{24753F72-00EA-40BD-8F1C-430DC118F9A7}.Release|Any CPU.ActiveCfg = Release|Any CPU
		{24753F72-00EA-40BD-8F1C-430DC118F9A7}.Release|Any CPU.Build.0 = Release|Any CPU
		{74283302-30C3-4608-AF78-ECE2447C6C0B}.Debug|Any CPU.ActiveCfg = Debug|Any CPU
		{74283302-30C3-4608-AF78-ECE2447C6C0B}.Debug|Any CPU.Build.0 = Debug|Any CPU
		{74283302-30C3-4608-AF78-ECE2447C6C0B}.Release|Any CPU.ActiveCfg = Release|Any CPU
		{74283302-30C3-4608-AF78-ECE2447C6C0B}.Release|Any CPU.Build.0 = Release|Any CPU
	EndGlobalSection
	GlobalSection(SolutionProperties) = preSolution
		HideSolutionNode = FALSE
	EndGlobalSection
	GlobalSection(ExtensibilityGlobals) = postSolution
		SolutionGuid = {DE02A9FA-B7B2-4D2C-82A1-F950C6A81B67}
	EndGlobalSection
EndGlobal
